
Microsoft Visual Studio Solution File, Format Version 12.00
# Visual Studio Version 16
VisualStudioVersion = 16.0.29324.140
MinimumVisualStudioVersion = 10.0.40219.1
Project("{9A19103F-16F7-4668-BE54-9A1E7A4F7556}") = "FractionFormatter", "Fractions\FractionFormatter.csproj", "{300370CC-DEB0-48D3-AA29-8FA85FC44CD9}"
EndProject
Project("{9A19103F-16F7-4668-BE54-9A1E7A4F7556}") = "FractionFormatter.Test", "Franctions.Test\FractionFormatter.Test.csproj", "{EB174456-3AE3-4DA0-A25F-5140BD90270E}"
EndProject
Project("{2150E333-8FDC-42A3-9474-1A3956D46DE8}") = "Solution Items", "Solution Items", "{E1666D8B-78ED-4049-87BF-562C7AAFC5D3}"
	ProjectSection(SolutionItems) = preProject
		.gitignore = .gitignore
		readme.md = readme.md
	EndProjectSection
EndProject
Global
	GlobalSection(SolutionConfigurationPlatforms) = preSolution
		Debug|Any CPU = Debug|Any CPU
		Release|Any CPU = Release|Any CPU
	EndGlobalSection
	GlobalSection(ProjectConfigurationPlatforms) = postSolution
		{300370CC-DEB0-48D3-AA29-8FA85FC44CD9}.Debug|Any CPU.ActiveCfg = Debug|Any CPU
		{300370CC-DEB0-48D3-AA29-8FA85FC44CD9}.Debug|Any CPU.Build.0 = Debug|Any CPU
		{300370CC-DEB0-48D3-AA29-8FA85FC44CD9}.Release|Any CPU.ActiveCfg = Release|Any CPU
		{300370CC-DEB0-48D3-AA29-8FA85FC44CD9}.Release|Any CPU.Build.0 = Release|Any CPU
		{EB174456-3AE3-4DA0-A25F-5140BD90270E}.Debug|Any CPU.ActiveCfg = Debug|Any CPU
		{EB174456-3AE3-4DA0-A25F-5140BD90270E}.Debug|Any CPU.Build.0 = Debug|Any CPU
		{EB174456-3AE3-4DA0-A25F-5140BD90270E}.Release|Any CPU.ActiveCfg = Release|Any CPU
		{EB174456-3AE3-4DA0-A25F-5140BD90270E}.Release|Any CPU.Build.0 = Release|Any CPU
	EndGlobalSection
	GlobalSection(SolutionProperties) = preSolution
		HideSolutionNode = FALSE
	EndGlobalSection
	GlobalSection(ExtensibilityGlobals) = postSolution
		SolutionGuid = {C2389C0D-467B-4944-9D87-EC6596BACFF0}
	EndGlobalSection
EndGlobal
